// !$*UTF8*$!
{
	archiveVersion = 1;
	classes = {
	};
	objectVersion = 77;
	objects = {

/* Begin PBXBuildFile section */
		760947692EAA66A70010F54D /* MainTabView.swift in Sources */ = {isa = PBXBuildFile; fileRef = 760947642EAA66A70010F54D /* MainTabView.swift */; };
		7609476A2EAA66A70010F54D /* MyHodlApp.swift in Sources */ = {isa = PBXBuildFile; fileRef = 760947672EAA66A70010F54D /* MyHodlApp.swift */; };
		7609476B2EAA66A70010F54D /* Assets.xcassets in Resources */ = {isa = PBXBuildFile; fileRef = 760947632EAA66A70010F54D /* Assets.xcassets */; };
		7609476C2EAA66A70010F54D /* Launch Screen.storyboard in Resources */ = {isa = PBXBuildFile; fileRef = 760947652EAA66A70010F54D /* Launch Screen.storyboard */; };
		7609476E2EAA66C30010F54D /* Theme.swift in Sources */ = {isa = PBXBuildFile; fileRef = 7609476D2EAA66C30010F54D /* Theme.swift */; };
		760947702EAA66CC0010F54D /* ThemeManager.swift in Sources */ = {isa = PBXBuildFile; fileRef = 7609476F2EAA66CC0010F54D /* ThemeManager.swift */; };
		76412F742EAB6590005E5A9A /* RootView.swift in Sources */ = {isa = PBXBuildFile; fileRef = 76412F732EAB6590005E5A9A /* RootView.swift */; };
		7653320C2ED70C70002FE36B /* AddCoinView.swift in Sources */ = {isa = PBXBuildFile; fileRef = 7653320B2ED70C70002FE36B /* AddCoinView.swift */; };
		7653320E2ED70C7B002FE36B /* AddCoinViewModel.swift in Sources */ = {isa = PBXBuildFile; fileRef = 7653320D2ED70C7B002FE36B /* AddCoinViewModel.swift */; };
		765332272ED865F9002FE36B /* Asset.swift in Sources */ = {isa = PBXBuildFile; fileRef = 765332262ED865F9002FE36B /* Asset.swift */; };
		765332292ED86F05002FE36B /* FetchAssetsUseCase.swift in Sources */ = {isa = PBXBuildFile; fileRef = 765332282ED86F05002FE36B /* FetchAssetsUseCase.swift */; };
		7653322B2ED885C7002FE36B /* AssetRepository.swift in Sources */ = {isa = PBXBuildFile; fileRef = 7653322A2ED885C7002FE36B /* AssetRepository.swift */; };
		765332302ED8929B002FE36B /* AssetFileLoader.swift in Sources */ = {isa = PBXBuildFile; fileRef = 7653322F2ED8929B002FE36B /* AssetFileLoader.swift */; };
		765332322ED8932D002FE36B /* BundleAssetRepository.swift in Sources */ = {isa = PBXBuildFile; fileRef = 765332312ED8932D002FE36B /* BundleAssetRepository.swift */; };
		765CEBFC2F3386000015DB79 /* BaseButton.swift in Sources */ = {isa = PBXBuildFile; fileRef = 765CEBFB2F3386000015DB79 /* BaseButton.swift */; };
		765CEBFE2F33D95C0015DB79 /* ChevronView.swift in Sources */ = {isa = PBXBuildFile; fileRef = 765CEBFD2F33D95C0015DB79 /* ChevronView.swift */; };
		76601E8C2F3240C000D12490 /* DashboardEmptyView.swift in Sources */ = {isa = PBXBuildFile; fileRef = 76601E8B2F3240C000D12490 /* DashboardEmptyView.swift */; };
		76601E8E2F3292EF00D12490 /* GradientPillButton.swift in Sources */ = {isa = PBXBuildFile; fileRef = 76601E8D2F3292EF00D12490 /* GradientPillButton.swift */; };
		76601E912F32936A00D12490 /* FadedSeparator.swift in Sources */ = {isa = PBXBuildFile; fileRef = 76601E902F32936A00D12490 /* FadedSeparator.swift */; };
		76601E932F32938600D12490 /* GlowSeparator.swift in Sources */ = {isa = PBXBuildFile; fileRef = 76601E922F32938600D12490 /* GlowSeparator.swift */; };
		76670F282ED5D71C0004A139 /* coins_list.json in Resources */ = {isa = PBXBuildFile; fileRef = 76670F272ED5D71C0004A139 /* coins_list.json */; };
		7668D2202EB34ADE00131EB5 /* SettingsView.swift in Sources */ = {isa = PBXBuildFile; fileRef = 7668D21F2EB34ADE00131EB5 /* SettingsView.swift */; };
		7668D22B2EB5264200131EB5 /* ThemeSettingsView.swift in Sources */ = {isa = PBXBuildFile; fileRef = 7668D22A2EB5264200131EB5 /* ThemeSettingsView.swift */; };
		767120952EE0619F00215ED7 /* AppContainer.swift in Sources */ = {isa = PBXBuildFile; fileRef = 767120942EE0619F00215ED7 /* AppContainer.swift */; };
		767120982EE063EA00215ED7 /* Swinject in Frameworks */ = {isa = PBXBuildFile; productRef = 767120972EE063EA00215ED7 /* Swinject */; };
		767120A02EE07D8C00215ED7 /* SwinjectAutoregistration in Frameworks */ = {isa = PBXBuildFile; productRef = 7671209F2EE07D8C00215ED7 /* SwinjectAutoregistration */; };
		767120A52EE1CF8F00215ED7 /* Publisher+Hodl.swift in Sources */ = {isa = PBXBuildFile; fileRef = 767120A42EE1CF8F00215ED7 /* Publisher+Hodl.swift */; };
		767120A82EE8597800215ED7 /* EditCoinView.swift in Sources */ = {isa = PBXBuildFile; fileRef = 767120A72EE8597800215ED7 /* EditCoinView.swift */; };
		767120AB2EE859A000215ED7 /* EditCoinViewModel.swift in Sources */ = {isa = PBXBuildFile; fileRef = 767120AA2EE859A000215ED7 /* EditCoinViewModel.swift */; };
		769999322ECCF67600F1C3AA /* SearchBar.swift in Sources */ = {isa = PBXBuildFile; fileRef = 769999312ECCF67600F1C3AA /* SearchBar.swift */; };
		769999352ECD06DD00F1C3AA /* AllAssetsView.swift in Sources */ = {isa = PBXBuildFile; fileRef = 769999342ECD06DD00F1C3AA /* AllAssetsView.swift */; };
		76E104F92EC1D8BC006C1E83 /* Localizable.strings in Resources */ = {isa = PBXBuildFile; fileRef = 76E104F72EC1D8BC006C1E83 /* Localizable.strings */; };
		76E104FB2EC1D914006C1E83 /* swiftgen.yml in Resources */ = {isa = PBXBuildFile; fileRef = 76E104FA2EC1D914006C1E83 /* swiftgen.yml */; };
		76E105052EC1DF87006C1E83 /* LocalizationStrings.swift in Sources */ = {isa = PBXBuildFile; fileRef = 76E105032EC1DF87006C1E83 /* LocalizationStrings.swift */; };
		76EB83632EC37C4A00D92E67 /* DashboardView.swift in Sources */ = {isa = PBXBuildFile; fileRef = 76EB83622EC37C4A00D92E67 /* DashboardView.swift */; };
		76EB83662EC37D6300D92E67 /* HoldingsView.swift in Sources */ = {isa = PBXBuildFile; fileRef = 76EB83652EC37D6300D92E67 /* HoldingsView.swift */; };
		76EB83682EC3C37600D92E67 /* DayChangeTracker.swift in Sources */ = {isa = PBXBuildFile; fileRef = 76EB83672EC3C37600D92E67 /* DayChangeTracker.swift */; };
		76EB83722EC4AC9100D92E67 /* TitleView.swift in Sources */ = {isa = PBXBuildFile; fileRef = 76EB83712EC4AC9100D92E67 /* TitleView.swift */; };
		76EB83742EC4B4D300D92E67 /* StubDataModel.swift in Sources */ = {isa = PBXBuildFile; fileRef = 76EB83732EC4B4D300D92E67 /* StubDataModel.swift */; };
		76EB83762EC4B72E00D92E67 /* DashboardViewModel.swift in Sources */ = {isa = PBXBuildFile; fileRef = 76EB83752EC4B72E00D92E67 /* DashboardViewModel.swift */; };
		76EB83782EC5120B00D92E67 /* BalanceView.swift in Sources */ = {isa = PBXBuildFile; fileRef = 76EB83772EC5120B00D92E67 /* BalanceView.swift */; };
		76EB837A2EC5123300D92E67 /* AssetAllocationView.swift in Sources */ = {isa = PBXBuildFile; fileRef = 76EB83792EC5123300D92E67 /* AssetAllocationView.swift */; };
		76EB837C2EC5124800D92E67 /* TopAssetsView.swift in Sources */ = {isa = PBXBuildFile; fileRef = 76EB837B2EC5124800D92E67 /* TopAssetsView.swift */; };
		76EB837E2EC64A6500D92E67 /* DashboardCard.swift in Sources */ = {isa = PBXBuildFile; fileRef = 76EB837D2EC64A6500D92E67 /* DashboardCard.swift */; };
		76EB83812EC6696700D92E67 /* Formatters.swift in Sources */ = {isa = PBXBuildFile; fileRef = 76EB83802EC6696600D92E67 /* Formatters.swift */; };
		76EB83832EC73F2B00D92E67 /* ImageResource.swift in Sources */ = {isa = PBXBuildFile; fileRef = 76EB83822EC73F2B00D92E67 /* ImageResource.swift */; };
		76EB83852EC73F6300D92E67 /* IconView.swift in Sources */ = {isa = PBXBuildFile; fileRef = 76EB83842EC73F6300D92E67 /* IconView.swift */; };
		76EB83882ECB4B8200D92E67 /* CryptoPrecision.swift in Sources */ = {isa = PBXBuildFile; fileRef = 76EB83872ECB4B8200D92E67 /* CryptoPrecision.swift */; };
		76EB838A2ECBA6E300D92E67 /* Decimal+Hodl.swift in Sources */ = {isa = PBXBuildFile; fileRef = 76EB83892ECBA6E300D92E67 /* Decimal+Hodl.swift */; };
		76EB838C2ECC734400D92E67 /* FiatSymbol.swift in Sources */ = {isa = PBXBuildFile; fileRef = 76EB838B2ECC734400D92E67 /* FiatSymbol.swift */; };
		76EB838F2ECCD91B00D92E67 /* BackgroundSurface.swift in Sources */ = {isa = PBXBuildFile; fileRef = 76EB838E2ECCD91B00D92E67 /* BackgroundSurface.swift */; };
		76EB83922ECCE43900D92E67 /* PageView.swift in Sources */ = {isa = PBXBuildFile; fileRef = 76EB83912ECCE43900D92E67 /* PageView.swift */; };
		76EB83942ECCEB9A00D92E67 /* HoldingsViewModel.swift in Sources */ = {isa = PBXBuildFile; fileRef = 76EB83932ECCEB9A00D92E67 /* HoldingsViewModel.swift */; };
		76EB83962ECCEC2200D92E67 /* DashboardAsset.swift in Sources */ = {isa = PBXBuildFile; fileRef = 76EB83952ECCEC2200D92E67 /* DashboardAsset.swift */; };
/* End PBXBuildFile section */

/* Begin PBXFileReference section */
		760947632EAA66A70010F54D /* Assets.xcassets */ = {isa = PBXFileReference; lastKnownFileType = folder.assetcatalog; path = Assets.xcassets; sourceTree = "<group>"; };
		760947642EAA66A70010F54D /* MainTabView.swift */ = {isa = PBXFileReference; lastKnownFileType = sourcecode.swift; path = MainTabView.swift; sourceTree = "<group>"; };
		760947652EAA66A70010F54D /* Launch Screen.storyboard */ = {isa = PBXFileReference; lastKnownFileType = file.storyboard; path = "Launch Screen.storyboard"; sourceTree = "<group>"; };
		760947662EAA66A70010F54D /* MyHodl.entitlements */ = {isa = PBXFileReference; lastKnownFileType = text.plist.entitlements; path = MyHodl.entitlements; sourceTree = "<group>"; };
		760947672EAA66A70010F54D /* MyHodlApp.swift */ = {isa = PBXFileReference; lastKnownFileType = sourcecode.swift; path = MyHodlApp.swift; sourceTree = "<group>"; };
		7609476D2EAA66C30010F54D /* Theme.swift */ = {isa = PBXFileReference; lastKnownFileType = sourcecode.swift; path = Theme.swift; sourceTree = "<group>"; };
		7609476F2EAA66CC0010F54D /* ThemeManager.swift */ = {isa = PBXFileReference; lastKnownFileType = sourcecode.swift; path = ThemeManager.swift; sourceTree = "<group>"; };
		76412F732EAB6590005E5A9A /* RootView.swift */ = {isa = PBXFileReference; lastKnownFileType = sourcecode.swift; path = RootView.swift; sourceTree = "<group>"; };
		7653320B2ED70C70002FE36B /* AddCoinView.swift */ = {isa = PBXFileReference; lastKnownFileType = sourcecode.swift; path = AddCoinView.swift; sourceTree = "<group>"; };
		7653320D2ED70C7B002FE36B /* AddCoinViewModel.swift */ = {isa = PBXFileReference; lastKnownFileType = sourcecode.swift; path = AddCoinViewModel.swift; sourceTree = "<group>"; };
		765332262ED865F9002FE36B /* Asset.swift */ = {isa = PBXFileReference; lastKnownFileType = sourcecode.swift; path = Asset.swift; sourceTree = "<group>"; };
		765332282ED86F05002FE36B /* FetchAssetsUseCase.swift */ = {isa = PBXFileReference; lastKnownFileType = sourcecode.swift; path = FetchAssetsUseCase.swift; sourceTree = "<group>"; };
		7653322A2ED885C7002FE36B /* AssetRepository.swift */ = {isa = PBXFileReference; lastKnownFileType = sourcecode.swift; path = AssetRepository.swift; sourceTree = "<group>"; };
		7653322F2ED8929B002FE36B /* AssetFileLoader.swift */ = {isa = PBXFileReference; lastKnownFileType = sourcecode.swift; path = AssetFileLoader.swift; sourceTree = "<group>"; };
		765332312ED8932D002FE36B /* BundleAssetRepository.swift */ = {isa = PBXFileReference; lastKnownFileType = sourcecode.swift; path = BundleAssetRepository.swift; sourceTree = "<group>"; };
		765CEBFB2F3386000015DB79 /* BaseButton.swift */ = {isa = PBXFileReference; lastKnownFileType = sourcecode.swift; path = BaseButton.swift; sourceTree = "<group>"; };
		765CEBFD2F33D95C0015DB79 /* ChevronView.swift */ = {isa = PBXFileReference; lastKnownFileType = sourcecode.swift; path = ChevronView.swift; sourceTree = "<group>"; };
		76601E8B2F3240C000D12490 /* DashboardEmptyView.swift */ = {isa = PBXFileReference; lastKnownFileType = sourcecode.swift; path = DashboardEmptyView.swift; sourceTree = "<group>"; };
		76601E8D2F3292EF00D12490 /* GradientPillButton.swift */ = {isa = PBXFileReference; lastKnownFileType = sourcecode.swift; path = GradientPillButton.swift; sourceTree = "<group>"; };
		76601E902F32936A00D12490 /* FadedSeparator.swift */ = {isa = PBXFileReference; lastKnownFileType = sourcecode.swift; path = FadedSeparator.swift; sourceTree = "<group>"; };
		76601E922F32938600D12490 /* GlowSeparator.swift */ = {isa = PBXFileReference; lastKnownFileType = sourcecode.swift; path = GlowSeparator.swift; sourceTree = "<group>"; };
		76670F272ED5D71C0004A139 /* coins_list.json */ = {isa = PBXFileReference; lastKnownFileType = text.json; path = coins_list.json; sourceTree = "<group>"; };
		7668D21F2EB34ADE00131EB5 /* SettingsView.swift */ = {isa = PBXFileReference; lastKnownFileType = sourcecode.swift; path = SettingsView.swift; sourceTree = "<group>"; };
		7668D22A2EB5264200131EB5 /* ThemeSettingsView.swift */ = {isa = PBXFileReference; lastKnownFileType = sourcecode.swift; path = ThemeSettingsView.swift; sourceTree = "<group>"; };
		767120942EE0619F00215ED7 /* AppContainer.swift */ = {isa = PBXFileReference; lastKnownFileType = sourcecode.swift; path = AppContainer.swift; sourceTree = "<group>"; };
		767120A42EE1CF8F00215ED7 /* Publisher+Hodl.swift */ = {isa = PBXFileReference; lastKnownFileType = sourcecode.swift; path = "Publisher+Hodl.swift"; sourceTree = "<group>"; };
		767120A72EE8597800215ED7 /* EditCoinView.swift */ = {isa = PBXFileReference; lastKnownFileType = sourcecode.swift; path = EditCoinView.swift; sourceTree = "<group>"; };
		767120AA2EE859A000215ED7 /* EditCoinViewModel.swift */ = {isa = PBXFileReference; lastKnownFileType = sourcecode.swift; path = EditCoinViewModel.swift; sourceTree = "<group>"; };
		769999312ECCF67600F1C3AA /* SearchBar.swift */ = {isa = PBXFileReference; lastKnownFileType = sourcecode.swift; path = SearchBar.swift; sourceTree = "<group>"; };
		769999342ECD06DD00F1C3AA /* AllAssetsView.swift */ = {isa = PBXFileReference; lastKnownFileType = sourcecode.swift; path = AllAssetsView.swift; sourceTree = "<group>"; };
		76E104F82EC1D8BC006C1E83 /* en */ = {isa = PBXFileReference; lastKnownFileType = text.plist.strings; name = en; path = en.lproj/Localizable.strings; sourceTree = "<group>"; };
		76E104FA2EC1D914006C1E83 /* swiftgen.yml */ = {isa = PBXFileReference; lastKnownFileType = text.yaml; path = swiftgen.yml; sourceTree = "<group>"; };
		76E104FC2EC1D98C006C1E83 /* uk */ = {isa = PBXFileReference; lastKnownFileType = text.plist.strings; name = uk; path = uk.lproj/Localizable.strings; sourceTree = "<group>"; };
		76E105032EC1DF87006C1E83 /* LocalizationStrings.swift */ = {isa = PBXFileReference; lastKnownFileType = sourcecode.swift; path = LocalizationStrings.swift; sourceTree = "<group>"; };
		76E1196B2E4D0E8F00AA1AED /* MyHodl.app */ = {isa = PBXFileReference; explicitFileType = wrapper.application; includeInIndex = 0; path = MyHodl.app; sourceTree = BUILT_PRODUCTS_DIR; };
		76EB83622EC37C4A00D92E67 /* DashboardView.swift */ = {isa = PBXFileReference; lastKnownFileType = sourcecode.swift; path = DashboardView.swift; sourceTree = "<group>"; };
		76EB83652EC37D6300D92E67 /* HoldingsView.swift */ = {isa = PBXFileReference; lastKnownFileType = sourcecode.swift; path = HoldingsView.swift; sourceTree = "<group>"; };
		76EB83672EC3C37600D92E67 /* DayChangeTracker.swift */ = {isa = PBXFileReference; lastKnownFileType = sourcecode.swift; path = DayChangeTracker.swift; sourceTree = "<group>"; };
		76EB83712EC4AC9100D92E67 /* TitleView.swift */ = {isa = PBXFileReference; lastKnownFileType = sourcecode.swift; path = TitleView.swift; sourceTree = "<group>"; };
		76EB83732EC4B4D300D92E67 /* StubDataModel.swift */ = {isa = PBXFileReference; lastKnownFileType = sourcecode.swift; path = StubDataModel.swift; sourceTree = "<group>"; };
		76EB83752EC4B72E00D92E67 /* DashboardViewModel.swift */ = {isa = PBXFileReference; lastKnownFileType = sourcecode.swift; path = DashboardViewModel.swift; sourceTree = "<group>"; };
		76EB83772EC5120B00D92E67 /* BalanceView.swift */ = {isa = PBXFileReference; lastKnownFileType = sourcecode.swift; path = BalanceView.swift; sourceTree = "<group>"; };
		76EB83792EC5123300D92E67 /* AssetAllocationView.swift */ = {isa = PBXFileReference; lastKnownFileType = sourcecode.swift; path = AssetAllocationView.swift; sourceTree = "<group>"; };
		76EB837B2EC5124800D92E67 /* TopAssetsView.swift */ = {isa = PBXFileReference; lastKnownFileType = sourcecode.swift; path = TopAssetsView.swift; sourceTree = "<group>"; };
		76EB837D2EC64A6500D92E67 /* DashboardCard.swift */ = {isa = PBXFileReference; lastKnownFileType = sourcecode.swift; path = DashboardCard.swift; sourceTree = "<group>"; };
		76EB83802EC6696600D92E67 /* Formatters.swift */ = {isa = PBXFileReference; lastKnownFileType = sourcecode.swift; path = Formatters.swift; sourceTree = "<group>"; };
		76EB83822EC73F2B00D92E67 /* ImageResource.swift */ = {isa = PBXFileReference; lastKnownFileType = sourcecode.swift; path = ImageResource.swift; sourceTree = "<group>"; };
		76EB83842EC73F6300D92E67 /* IconView.swift */ = {isa = PBXFileReference; lastKnownFileType = sourcecode.swift; path = IconView.swift; sourceTree = "<group>"; };
		76EB83872ECB4B8200D92E67 /* CryptoPrecision.swift */ = {isa = PBXFileReference; lastKnownFileType = sourcecode.swift; path = CryptoPrecision.swift; sourceTree = "<group>"; };
		76EB83892ECBA6E300D92E67 /* Decimal+Hodl.swift */ = {isa = PBXFileReference; lastKnownFileType = sourcecode.swift; path = "Decimal+Hodl.swift"; sourceTree = "<group>"; };
		76EB838B2ECC734400D92E67 /* FiatSymbol.swift */ = {isa = PBXFileReference; lastKnownFileType = sourcecode.swift; path = FiatSymbol.swift; sourceTree = "<group>"; };
		76EB838E2ECCD91B00D92E67 /* BackgroundSurface.swift */ = {isa = PBXFileReference; lastKnownFileType = sourcecode.swift; path = BackgroundSurface.swift; sourceTree = "<group>"; };
		76EB83912ECCE43900D92E67 /* PageView.swift */ = {isa = PBXFileReference; lastKnownFileType = sourcecode.swift; path = PageView.swift; sourceTree = "<group>"; };
		76EB83932ECCEB9A00D92E67 /* HoldingsViewModel.swift */ = {isa = PBXFileReference; lastKnownFileType = sourcecode.swift; path = HoldingsViewModel.swift; sourceTree = "<group>"; };
		76EB83952ECCEC2200D92E67 /* DashboardAsset.swift */ = {isa = PBXFileReference; lastKnownFileType = sourcecode.swift; path = DashboardAsset.swift; sourceTree = "<group>"; };
/* End PBXFileReference section */

/* Begin PBXFrameworksBuildPhase section */
		76E119682E4D0E8F00AA1AED /* Frameworks */ = {
			isa = PBXFrameworksBuildPhase;
			buildActionMask = 2147483647;
			files = (
				767120982EE063EA00215ED7 /* Swinject in Frameworks */,
				767120A02EE07D8C00215ED7 /* SwinjectAutoregistration in Frameworks */,
			);
			runOnlyForDeploymentPostprocessing = 0;
		};
/* End PBXFrameworksBuildPhase section */

/* Begin PBXGroup section */
		760947622EAA66A70010F54D /* Theme */ = {
			isa = PBXGroup;
			children = (
				7609476D2EAA66C30010F54D /* Theme.swift */,
			);
			path = Theme;
			sourceTree = "<group>";
		};
		760947682EAA66A70010F54D /* MyHodl */ = {
			isa = PBXGroup;
			children = (
				767120932EE0617400215ED7 /* App */,
				765332142ED71774002FE36B /* Domain */,
				765332152ED7177C002FE36B /* Data */,
				765332162ED71791002FE36B /* Presentation */,
				76EB837F2EC6695600D92E67 /* Utils */,
				76E105042EC1DF87006C1E83 /* Generated */,
				76E104F42EC1D57E006C1E83 /* Supporting Files */,
				760947652EAA66A70010F54D /* Launch Screen.storyboard */,
				760947662EAA66A70010F54D /* MyHodl.entitlements */,
				76E104FA2EC1D914006C1E83 /* swiftgen.yml */,
				760947632EAA66A70010F54D /* Assets.xcassets */,
			);
			path = MyHodl;
			sourceTree = "<group>";
		};
		7653320A2ED70C58002FE36B /* AddCoin */ = {
			isa = PBXGroup;
			children = (
				7653320B2ED70C70002FE36B /* AddCoinView.swift */,
				7653320D2ED70C7B002FE36B /* AddCoinViewModel.swift */,
			);
			path = AddCoin;
			sourceTree = "<group>";
		};
		765332142ED71774002FE36B /* Domain */ = {
			isa = PBXGroup;
			children = (
				7653322C2ED8884E002FE36B /* Assets */,
			);
			path = Domain;
			sourceTree = "<group>";
		};
		765332152ED7177C002FE36B /* Data */ = {
			isa = PBXGroup;
			children = (
				765332182ED71922002FE36B /* Assets */,
			);
			path = Data;
			sourceTree = "<group>";
		};
		765332162ED71791002FE36B /* Presentation */ = {
			isa = PBXGroup;
			children = (
				7653321C2ED71BB3002FE36B /* App */,
				765332172ED7183B002FE36B /* DesignSystem */,
				765332192ED719F0002FE36B /* Components */,
				7653321A2ED71A23002FE36B /* Screens */,
			);
			path = Presentation;
			sourceTree = "<group>";
		};
		765332172ED7183B002FE36B /* DesignSystem */ = {
			isa = PBXGroup;
			children = (
				760947622EAA66A70010F54D /* Theme */,
			);
			path = DesignSystem;
			sourceTree = "<group>";
		};
		765332182ED71922002FE36B /* Assets */ = {
			isa = PBXGroup;
			children = (
				7653322D2ED89276002FE36B /* RepositoriesImpl */,
				7653322E2ED89283002FE36B /* Loaders */,
				76670F242ED5D51D0004A139 /* Resources */,
			);
			path = Assets;
			sourceTree = "<group>";
		};
		765332192ED719F0002FE36B /* Components */ = {
			isa = PBXGroup;
			children = (
				76EB83842EC73F6300D92E67 /* IconView.swift */,
				76EB83712EC4AC9100D92E67 /* TitleView.swift */,
				769999312ECCF67600F1C3AA /* SearchBar.swift */,
				76EB83912ECCE43900D92E67 /* PageView.swift */,
				76EB838E2ECCD91B00D92E67 /* BackgroundSurface.swift */,
				765CEBFD2F33D95C0015DB79 /* ChevronView.swift */,
				765CEBFA2F3385EE0015DB79 /* Buttons */,
				76601E8F2F32936300D12490 /* Separators */,
			);
			path = Components;
			sourceTree = "<group>";
		};
		7653321A2ED71A23002FE36B /* Screens */ = {
			isa = PBXGroup;
			children = (
				76EB83612EC37C2000D92E67 /* Dashboard */,
				76601E8A2F323F6700D12490 /* DashboardEmpty */,
				76EB83642EC37C7A00D92E67 /* Holdings */,
				7668D2292EB5262A00131EB5 /* Settings */,
			);
			path = Screens;
			sourceTree = "<group>";
		};
		7653321C2ED71BB3002FE36B /* App */ = {
			isa = PBXGroup;
			children = (
				76412F732EAB6590005E5A9A /* RootView.swift */,
				760947642EAA66A70010F54D /* MainTabView.swift */,
			);
			path = App;
			sourceTree = "<group>";
		};
		7653321D2ED71CEB002FE36B /* Formatters */ = {
			isa = PBXGroup;
			children = (
				76EB83802EC6696600D92E67 /* Formatters.swift */,
				76EB83872ECB4B8200D92E67 /* CryptoPrecision.swift */,
				76EB838B2ECC734400D92E67 /* FiatSymbol.swift */,
			);
			path = Formatters;
			sourceTree = "<group>";
		};
		7653321E2ED71D06002FE36B /* Helpers */ = {
			isa = PBXGroup;
			children = (
				76EB83822EC73F2B00D92E67 /* ImageResource.swift */,
				76EB83672EC3C37600D92E67 /* DayChangeTracker.swift */,
			);
			path = Helpers;
			sourceTree = "<group>";
		};
		7653321F2ED71D0F002FE36B /* Extensions */ = {
			isa = PBXGroup;
			children = (
				76EB83892ECBA6E300D92E67 /* Decimal+Hodl.swift */,
				767120A42EE1CF8F00215ED7 /* Publisher+Hodl.swift */,
			);
			path = Extensions;
			sourceTree = "<group>";
		};
		765332202ED71E1D002FE36B /* ViewModel */ = {
			isa = PBXGroup;
			children = (
				76EB83752EC4B72E00D92E67 /* DashboardViewModel.swift */,
				76EB83952ECCEC2200D92E67 /* DashboardAsset.swift */,
			);
			path = ViewModel;
			sourceTree = "<group>";
		};
		765332212ED71E38002FE36B /* Stub */ = {
			isa = PBXGroup;
			children = (
				76EB83732EC4B4D300D92E67 /* StubDataModel.swift */,
			);
			path = Stub;
			sourceTree = "<group>";
		};
		765332222ED71E54002FE36B /* ViewModel */ = {
			isa = PBXGroup;
			children = (
				76EB83932ECCEB9A00D92E67 /* HoldingsViewModel.swift */,
			);
			path = ViewModel;
			sourceTree = "<group>";
		};
		765332232ED71F4E002FE36B /* Flows */ = {
			isa = PBXGroup;
			children = (
				7653320A2ED70C58002FE36B /* AddCoin */,
				767120A62EE8596000215ED7 /* EditCoin */,
			);
			path = Flows;
			sourceTree = "<group>";
		};
		765332242ED71FD9002FE36B /* Flows */ = {
			isa = PBXGroup;
			children = (
				765332252ED7201F002FE36B /* ThemeSettings */,
			);
			path = Flows;
			sourceTree = "<group>";
		};
		765332252ED7201F002FE36B /* ThemeSettings */ = {
			isa = PBXGroup;
			children = (
				7668D22A2EB5264200131EB5 /* ThemeSettingsView.swift */,
			);
			path = ThemeSettings;
			sourceTree = "<group>";
		};
		7653322C2ED8884E002FE36B /* Assets */ = {
			isa = PBXGroup;
			children = (
				765332262ED865F9002FE36B /* Asset.swift */,
				765332282ED86F05002FE36B /* FetchAssetsUseCase.swift */,
				7653322A2ED885C7002FE36B /* AssetRepository.swift */,
			);
			path = Assets;
			sourceTree = "<group>";
		};
		7653322D2ED89276002FE36B /* RepositoriesImpl */ = {
			isa = PBXGroup;
			children = (
				765332312ED8932D002FE36B /* BundleAssetRepository.swift */,
			);
			path = RepositoriesImpl;
			sourceTree = "<group>";
		};
		7653322E2ED89283002FE36B /* Loaders */ = {
			isa = PBXGroup;
			children = (
				7653322F2ED8929B002FE36B /* AssetFileLoader.swift */,
			);
			path = Loaders;
			sourceTree = "<group>";
		};
		765CEBFA2F3385EE0015DB79 /* Buttons */ = {
			isa = PBXGroup;
			children = (
				76601E8D2F3292EF00D12490 /* GradientPillButton.swift */,
				765CEBFB2F3386000015DB79 /* BaseButton.swift */,
			);
			path = Buttons;
			sourceTree = "<group>";
		};
		76601E8A2F323F6700D12490 /* DashboardEmpty */ = {
			isa = PBXGroup;
			children = (
				76601E8B2F3240C000D12490 /* DashboardEmptyView.swift */,
			);
			path = DashboardEmpty;
			sourceTree = "<group>";
		};
		76601E8F2F32936300D12490 /* Separators */ = {
			isa = PBXGroup;
			children = (
				76601E902F32936A00D12490 /* FadedSeparator.swift */,
				76601E922F32938600D12490 /* GlowSeparator.swift */,
			);
			path = Separators;
			sourceTree = "<group>";
		};
		76670F242ED5D51D0004A139 /* Resources */ = {
			isa = PBXGroup;
			children = (
				76670F272ED5D71C0004A139 /* coins_list.json */,
			);
			path = Resources;
			sourceTree = "<group>";
		};
		7668D2292EB5262A00131EB5 /* Settings */ = {
			isa = PBXGroup;
			children = (
				7668D21F2EB34ADE00131EB5 /* SettingsView.swift */,
				765332242ED71FD9002FE36B /* Flows */,
			);
			path = Settings;
			sourceTree = "<group>";
		};
		767120932EE0617400215ED7 /* App */ = {
			isa = PBXGroup;
			children = (
				760947672EAA66A70010F54D /* MyHodlApp.swift */,
				767120942EE0619F00215ED7 /* AppContainer.swift */,
				7609476F2EAA66CC0010F54D /* ThemeManager.swift */,
			);
			path = App;
			sourceTree = "<group>";
		};
		767120A62EE8596000215ED7 /* EditCoin */ = {
			isa = PBXGroup;
			children = (
				767120A72EE8597800215ED7 /* EditCoinView.swift */,
				767120AA2EE859A000215ED7 /* EditCoinViewModel.swift */,
			);
			path = EditCoin;
			sourceTree = "<group>";
		};
		769999332ECD02AC00F1C3AA /* Sections */ = {
			isa = PBXGroup;
			children = (
				769999342ECD06DD00F1C3AA /* AllAssetsView.swift */,
			);
			path = Sections;
			sourceTree = "<group>";
		};
		76E104F42EC1D57E006C1E83 /* Supporting Files */ = {
			isa = PBXGroup;
			children = (
				76E104FD2EC1D9A8006C1E83 /* Localizations */,
			);
			path = "Supporting Files";
			sourceTree = "<group>";
		};
		76E104FD2EC1D9A8006C1E83 /* Localizations */ = {
			isa = PBXGroup;
			children = (
				76E104F72EC1D8BC006C1E83 /* Localizable.strings */,
			);
			path = Localizations;
			sourceTree = "<group>";
		};
		76E105042EC1DF87006C1E83 /* Generated */ = {
			isa = PBXGroup;
			children = (
				76E105032EC1DF87006C1E83 /* LocalizationStrings.swift */,
			);
			path = Generated;
			sourceTree = "<group>";
		};
		76E119622E4D0E8F00AA1AED = {
			isa = PBXGroup;
			children = (
				760947682EAA66A70010F54D /* MyHodl */,
				76E1196C2E4D0E8F00AA1AED /* Products */,
			);
			sourceTree = "<group>";
		};
		76E1196C2E4D0E8F00AA1AED /* Products */ = {
			isa = PBXGroup;
			children = (
				76E1196B2E4D0E8F00AA1AED /* MyHodl.app */,
			);
			name = Products;
			sourceTree = "<group>";
		};
		76EB83612EC37C2000D92E67 /* Dashboard */ = {
			isa = PBXGroup;
			children = (
				76EB83622EC37C4A00D92E67 /* DashboardView.swift */,
				765332202ED71E1D002FE36B /* ViewModel */,
				76EB838D2ECCD8B900D92E67 /* Sections */,
				765332212ED71E38002FE36B /* Stub */,
			);
			path = Dashboard;
			sourceTree = "<group>";
		};
		76EB83642EC37C7A00D92E67 /* Holdings */ = {
			isa = PBXGroup;
			children = (
				76EB83652EC37D6300D92E67 /* HoldingsView.swift */,
				765332222ED71E54002FE36B /* ViewModel */,
				769999332ECD02AC00F1C3AA /* Sections */,
				765332232ED71F4E002FE36B /* Flows */,
			);
			path = Holdings;
			sourceTree = "<group>";
		};
		76EB837F2EC6695600D92E67 /* Utils */ = {
			isa = PBXGroup;
			children = (
				7653321D2ED71CEB002FE36B /* Formatters */,
				7653321E2ED71D06002FE36B /* Helpers */,
				7653321F2ED71D0F002FE36B /* Extensions */,
			);
			path = Utils;
			sourceTree = "<group>";
		};
		76EB838D2ECCD8B900D92E67 /* Sections */ = {
			isa = PBXGroup;
			children = (
				76EB83772EC5120B00D92E67 /* BalanceView.swift */,
				76EB83792EC5123300D92E67 /* AssetAllocationView.swift */,
				76EB837B2EC5124800D92E67 /* TopAssetsView.swift */,
				76EB837D2EC64A6500D92E67 /* DashboardCard.swift */,
			);
			path = Sections;
			sourceTree = "<group>";
		};
/* End PBXGroup section */

/* Begin PBXNativeTarget section */
		76E1196A2E4D0E8F00AA1AED /* MyHodl */ = {
			isa = PBXNativeTarget;
			buildConfigurationList = 76E119772E4D0E9100AA1AED /* Build configuration list for PBXNativeTarget "MyHodl" */;
			buildPhases = (
				76E104FE2EC1DA45006C1E83 /* SwiftGen */,
				76E119672E4D0E8F00AA1AED /* Sources */,
				76E119682E4D0E8F00AA1AED /* Frameworks */,
				76E119692E4D0E8F00AA1AED /* Resources */,
			);
			buildRules = (
			);
			dependencies = (
			);
			name = MyHodl;
			packageProductDependencies = (
				767120972EE063EA00215ED7 /* Swinject */,
				7671209F2EE07D8C00215ED7 /* SwinjectAutoregistration */,
			);
			productName = MyHodl;
			productReference = 76E1196B2E4D0E8F00AA1AED /* MyHodl.app */;
			productType = "com.apple.product-type.application";
		};
/* End PBXNativeTarget section */

/* Begin PBXProject section */
		76E119632E4D0E8F00AA1AED /* Project object */ = {
			isa = PBXProject;
			attributes = {
				BuildIndependentTargetsInParallel = 1;
				LastSwiftUpdateCheck = 1640;
				LastUpgradeCheck = 2600;
				TargetAttributes = {
					76E1196A2E4D0E8F00AA1AED = {
						CreatedOnToolsVersion = 16.4;
					};
				};
			};
			buildConfigurationList = 76E119662E4D0E8F00AA1AED /* Build configuration list for PBXProject "MyHodl" */;
			developmentRegion = en;
			hasScannedForEncodings = 0;
			knownRegions = (
				en,
				Base,
				uk,
			);
			mainGroup = 76E119622E4D0E8F00AA1AED;
			minimizedProjectReferenceProxies = 1;
			packageReferences = (
				767120962EE063EA00215ED7 /* XCRemoteSwiftPackageReference "Swinject" */,
				7671209E2EE07D8C00215ED7 /* XCRemoteSwiftPackageReference "SwinjectAutoregistration" */,
			);
			preferredProjectObjectVersion = 77;
			productRefGroup = 76E1196C2E4D0E8F00AA1AED /* Products */;
			projectDirPath = "";
			projectRoot = "";
			targets = (
				76E1196A2E4D0E8F00AA1AED /* MyHodl */,
			);
		};
/* End PBXProject section */

/* Begin PBXResourcesBuildPhase section */
		76E119692E4D0E8F00AA1AED /* Resources */ = {
			isa = PBXResourcesBuildPhase;
			buildActionMask = 2147483647;
			files = (
				76670F282ED5D71C0004A139 /* coins_list.json in Resources */,
				7609476B2EAA66A70010F54D /* Assets.xcassets in Resources */,
				76E104F92EC1D8BC006C1E83 /* Localizable.strings in Resources */,
				7609476C2EAA66A70010F54D /* Launch Screen.storyboard in Resources */,
				76E104FB2EC1D914006C1E83 /* swiftgen.yml in Resources */,
			);
			runOnlyForDeploymentPostprocessing = 0;
		};
/* End PBXResourcesBuildPhase section */

/* Begin PBXShellScriptBuildPhase section */
		76E104FE2EC1DA45006C1E83 /* SwiftGen */ = {
			isa = PBXShellScriptBuildPhase;
			alwaysOutOfDate = 1;
			buildActionMask = 2147483647;
			files = (
			);
			inputFileListPaths = (
			);
			inputPaths = (
			);
			name = SwiftGen;
			outputFileListPaths = (
			);
			outputPaths = (
			);
			runOnlyForDeploymentPostprocessing = 0;
			shellPath = /bin/sh;
			shellScript = "# SwiftGen\nset -euo pipefail\n/opt/homebrew/bin/swiftgen config run --config \"$SRCROOT/MyHodl/swiftgen.yml\"\n";
		};
/* End PBXShellScriptBuildPhase section */

/* Begin PBXSourcesBuildPhase section */
		76E119672E4D0E8F00AA1AED /* Sources */ = {
			isa = PBXSourcesBuildPhase;
			buildActionMask = 2147483647;
			files = (
				76EB83742EC4B4D300D92E67 /* StubDataModel.swift in Sources */,
				76EB83852EC73F6300D92E67 /* IconView.swift in Sources */,
				7609476E2EAA66C30010F54D /* Theme.swift in Sources */,
				765332272ED865F9002FE36B /* Asset.swift in Sources */,
				7668D22B2EB5264200131EB5 /* ThemeSettingsView.swift in Sources */,
				76EB83942ECCEB9A00D92E67 /* HoldingsViewModel.swift in Sources */,
				767120A52EE1CF8F00215ED7 /* Publisher+Hodl.swift in Sources */,
				76601E8C2F3240C000D12490 /* DashboardEmptyView.swift in Sources */,
				76EB83662EC37D6300D92E67 /* HoldingsView.swift in Sources */,
				760947692EAA66A70010F54D /* MainTabView.swift in Sources */,
				76EB837C2EC5124800D92E67 /* TopAssetsView.swift in Sources */,
				767120952EE0619F00215ED7 /* AppContainer.swift in Sources */,
				76EB837A2EC5123300D92E67 /* AssetAllocationView.swift in Sources */,
				76EB838A2ECBA6E300D92E67 /* Decimal+Hodl.swift in Sources */,
				76601E8E2F3292EF00D12490 /* GradientPillButton.swift in Sources */,
				7609476A2EAA66A70010F54D /* MyHodlApp.swift in Sources */,
				76601E912F32936A00D12490 /* FadedSeparator.swift in Sources */,
				76EB83782EC5120B00D92E67 /* BalanceView.swift in Sources */,
				76EB83832EC73F2B00D92E67 /* ImageResource.swift in Sources */,
				76EB83632EC37C4A00D92E67 /* DashboardView.swift in Sources */,
				76EB838C2ECC734400D92E67 /* FiatSymbol.swift in Sources */,
				7653320E2ED70C7B002FE36B /* AddCoinViewModel.swift in Sources */,
				765CEBFE2F33D95C0015DB79 /* ChevronView.swift in Sources */,
				765332292ED86F05002FE36B /* FetchAssetsUseCase.swift in Sources */,
				76EB83962ECCEC2200D92E67 /* DashboardAsset.swift in Sources */,
				76601E932F32938600D12490 /* GlowSeparator.swift in Sources */,
				76EB838F2ECCD91B00D92E67 /* BackgroundSurface.swift in Sources */,
				7668D2202EB34ADE00131EB5 /* SettingsView.swift in Sources */,
				769999322ECCF67600F1C3AA /* SearchBar.swift in Sources */,
				760947702EAA66CC0010F54D /* ThemeManager.swift in Sources */,
				765332302ED8929B002FE36B /* AssetFileLoader.swift in Sources */,
				76EB83922ECCE43900D92E67 /* PageView.swift in Sources */,
				7653322B2ED885C7002FE36B /* AssetRepository.swift in Sources */,
				765CEBFC2F3386000015DB79 /* BaseButton.swift in Sources */,
				76EB83682EC3C37600D92E67 /* DayChangeTracker.swift in Sources */,
				76EB83812EC6696700D92E67 /* Formatters.swift in Sources */,
				76412F742EAB6590005E5A9A /* RootView.swift in Sources */,
				767120AB2EE859A000215ED7 /* EditCoinViewModel.swift in Sources */,
				76EB83882ECB4B8200D92E67 /* CryptoPrecision.swift in Sources */,
				765332322ED8932D002FE36B /* BundleAssetRepository.swift in Sources */,
				767120A82EE8597800215ED7 /* EditCoinView.swift in Sources */,
				76EB837E2EC64A6500D92E67 /* DashboardCard.swift in Sources */,
				76E105052EC1DF87006C1E83 /* LocalizationStrings.swift in Sources */,
				76EB83722EC4AC9100D92E67 /* TitleView.swift in Sources */,
				76EB83762EC4B72E00D92E67 /* DashboardViewModel.swift in Sources */,
				769999352ECD06DD00F1C3AA /* AllAssetsView.swift in Sources */,
				7653320C2ED70C70002FE36B /* AddCoinView.swift in Sources */,
			);
			runOnlyForDeploymentPostprocessing = 0;
		};
/* End PBXSourcesBuildPhase section */

/* Begin PBXVariantGroup section */
		76E104F72EC1D8BC006C1E83 /* Localizable.strings */ = {
			isa = PBXVariantGroup;
			children = (
				76E104F82EC1D8BC006C1E83 /* en */,
				76E104FC2EC1D98C006C1E83 /* uk */,
			);
			name = Localizable.strings;
			sourceTree = "<group>";
		};
/* End PBXVariantGroup section */

/* Begin XCBuildConfiguration section */
		76E119752E4D0E9100AA1AED /* Debug */ = {
			isa = XCBuildConfiguration;
			buildSettings = {
				ALWAYS_SEARCH_USER_PATHS = NO;
				ASSETCATALOG_COMPILER_GENERATE_SWIFT_ASSET_SYMBOL_EXTENSIONS = YES;
				CLANG_ANALYZER_LOCALIZABILITY_NONLOCALIZED = YES;
				CLANG_ANALYZER_NONNULL = YES;
				CLANG_ANALYZER_NUMBER_OBJECT_CONVERSION = YES_AGGRESSIVE;
				CLANG_CXX_LANGUAGE_STANDARD = "gnu++20";
				CLANG_ENABLE_MODULES = YES;
				CLANG_ENABLE_OBJC_ARC = YES;
				CLANG_ENABLE_OBJC_WEAK = YES;
				CLANG_WARN_BLOCK_CAPTURE_AUTORELEASING = YES;
				CLANG_WARN_BOOL_CONVERSION = YES;
				CLANG_WARN_COMMA = YES;
				CLANG_WARN_CONSTANT_CONVERSION = YES;
				CLANG_WARN_DEPRECATED_OBJC_IMPLEMENTATIONS = YES;
				CLANG_WARN_DIRECT_OBJC_ISA_USAGE = YES_ERROR;
				CLANG_WARN_DOCUMENTATION_COMMENTS = YES;
				CLANG_WARN_EMPTY_BODY = YES;
				CLANG_WARN_ENUM_CONVERSION = YES;
				CLANG_WARN_INFINITE_RECURSION = YES;
				CLANG_WARN_INT_CONVERSION = YES;
				CLANG_WARN_NON_LITERAL_NULL_CONVERSION = YES;
				CLANG_WARN_OBJC_IMPLICIT_RETAIN_SELF = YES;
				CLANG_WARN_OBJC_LITERAL_CONVERSION = YES;
				CLANG_WARN_OBJC_ROOT_CLASS = YES_ERROR;
				CLANG_WARN_QUOTED_INCLUDE_IN_FRAMEWORK_HEADER = YES;
				CLANG_WARN_RANGE_LOOP_ANALYSIS = YES;
				CLANG_WARN_STRICT_PROTOTYPES = YES;
				CLANG_WARN_SUSPICIOUS_MOVE = YES;
				CLANG_WARN_UNGUARDED_AVAILABILITY = YES_AGGRESSIVE;
				CLANG_WARN_UNREACHABLE_CODE = YES;
				CLANG_WARN__DUPLICATE_METHOD_MATCH = YES;
				COPY_PHASE_STRIP = NO;
				DEAD_CODE_STRIPPING = YES;
				DEBUG_INFORMATION_FORMAT = dwarf;
				ENABLE_STRICT_OBJC_MSGSEND = YES;
				ENABLE_TESTABILITY = YES;
				ENABLE_USER_SCRIPT_SANDBOXING = YES;
				GCC_C_LANGUAGE_STANDARD = gnu17;
				GCC_DYNAMIC_NO_PIC = NO;
				GCC_NO_COMMON_BLOCKS = YES;
				GCC_OPTIMIZATION_LEVEL = 0;
				GCC_PREPROCESSOR_DEFINITIONS = (
					"DEBUG=1",
					"$(inherited)",
				);
				GCC_WARN_64_TO_32_BIT_CONVERSION = YES;
				GCC_WARN_ABOUT_RETURN_TYPE = YES_ERROR;
				GCC_WARN_UNDECLARED_SELECTOR = YES;
				GCC_WARN_UNINITIALIZED_AUTOS = YES_AGGRESSIVE;
				GCC_WARN_UNUSED_FUNCTION = YES;
				GCC_WARN_UNUSED_VARIABLE = YES;
				IPHONEOS_DEPLOYMENT_TARGET = 26.0;
				LOCALIZATION_PREFERS_STRING_CATALOGS = YES;
				MTL_ENABLE_DEBUG_INFO = INCLUDE_SOURCE;
				MTL_FAST_MATH = YES;
				ONLY_ACTIVE_ARCH = YES;
				STRING_CATALOG_GENERATE_SYMBOLS = YES;
				SWIFT_ACTIVE_COMPILATION_CONDITIONS = "DEBUG $(inherited)";
				SWIFT_EMIT_LOC_STRINGS = YES;
				SWIFT_OPTIMIZATION_LEVEL = "-Onone";
				SWIFT_VERSION = 6.0;
			};
			name = Debug;
		};
		76E119762E4D0E9100AA1AED /* Release */ = {
			isa = XCBuildConfiguration;
			buildSettings = {
				ALWAYS_SEARCH_USER_PATHS = NO;
				ASSETCATALOG_COMPILER_GENERATE_SWIFT_ASSET_SYMBOL_EXTENSIONS = YES;
				CLANG_ANALYZER_LOCALIZABILITY_NONLOCALIZED = YES;
				CLANG_ANALYZER_NONNULL = YES;
				CLANG_ANALYZER_NUMBER_OBJECT_CONVERSION = YES_AGGRESSIVE;
				CLANG_CXX_LANGUAGE_STANDARD = "gnu++20";
				CLANG_ENABLE_MODULES = YES;
				CLANG_ENABLE_OBJC_ARC = YES;
				CLANG_ENABLE_OBJC_WEAK = YES;
				CLANG_WARN_BLOCK_CAPTURE_AUTORELEASING = YES;
				CLANG_WARN_BOOL_CONVERSION = YES;
				CLANG_WARN_COMMA = YES;
				CLANG_WARN_CONSTANT_CONVERSION = YES;
				CLANG_WARN_DEPRECATED_OBJC_IMPLEMENTATIONS = YES;
				CLANG_WARN_DIRECT_OBJC_ISA_USAGE = YES_ERROR;
				CLANG_WARN_DOCUMENTATION_COMMENTS = YES;
				CLANG_WARN_EMPTY_BODY = YES;
				CLANG_WARN_ENUM_CONVERSION = YES;
				CLANG_WARN_INFINITE_RECURSION = YES;
				CLANG_WARN_INT_CONVERSION = YES;
				CLANG_WARN_NON_LITERAL_NULL_CONVERSION = YES;
				CLANG_WARN_OBJC_IMPLICIT_RETAIN_SELF = YES;
				CLANG_WARN_OBJC_LITERAL_CONVERSION = YES;
				CLANG_WARN_OBJC_ROOT_CLASS = YES_ERROR;
				CLANG_WARN_QUOTED_INCLUDE_IN_FRAMEWORK_HEADER = YES;
				CLANG_WARN_RANGE_LOOP_ANALYSIS = YES;
				CLANG_WARN_STRICT_PROTOTYPES = YES;
				CLANG_WARN_SUSPICIOUS_MOVE = YES;
				CLANG_WARN_UNGUARDED_AVAILABILITY = YES_AGGRESSIVE;
				CLANG_WARN_UNREACHABLE_CODE = YES;
				CLANG_WARN__DUPLICATE_METHOD_MATCH = YES;
				COPY_PHASE_STRIP = NO;
				DEAD_CODE_STRIPPING = YES;
				DEBUG_INFORMATION_FORMAT = "dwarf-with-dsym";
				ENABLE_NS_ASSERTIONS = NO;
				ENABLE_STRICT_OBJC_MSGSEND = YES;
				ENABLE_USER_SCRIPT_SANDBOXING = YES;
				GCC_C_LANGUAGE_STANDARD = gnu17;
				GCC_NO_COMMON_BLOCKS = YES;
				GCC_WARN_64_TO_32_BIT_CONVERSION = YES;
				GCC_WARN_ABOUT_RETURN_TYPE = YES_ERROR;
				GCC_WARN_UNDECLARED_SELECTOR = YES;
				GCC_WARN_UNINITIALIZED_AUTOS = YES_AGGRESSIVE;
				GCC_WARN_UNUSED_FUNCTION = YES;
				GCC_WARN_UNUSED_VARIABLE = YES;
				IPHONEOS_DEPLOYMENT_TARGET = 26.0;
				LOCALIZATION_PREFERS_STRING_CATALOGS = YES;
				MTL_ENABLE_DEBUG_INFO = NO;
				MTL_FAST_MATH = YES;
				STRING_CATALOG_GENERATE_SYMBOLS = YES;
				SWIFT_COMPILATION_MODE = wholemodule;
				SWIFT_EMIT_LOC_STRINGS = YES;
				SWIFT_VERSION = 6.0;
			};
			name = Release;
		};
		76E119782E4D0E9100AA1AED /* Debug */ = {
			isa = XCBuildConfiguration;
			buildSettings = {
				ASSETCATALOG_COMPILER_APPICON_NAME = AppIcon;
				ASSETCATALOG_COMPILER_GLOBAL_ACCENT_COLOR_NAME = AccentColor;
				CODE_SIGN_ENTITLEMENTS = MyHodl/MyHodl.entitlements;
				CODE_SIGN_STYLE = Automatic;
				CURRENT_PROJECT_VERSION = 1;
				DEVELOPMENT_TEAM = 5R87WU4VHL;
				ENABLE_APP_SANDBOX = YES;
				ENABLE_PREVIEWS = YES;
				ENABLE_USER_SCRIPT_SANDBOXING = NO;
				ENABLE_USER_SELECTED_FILES = readonly;
				GENERATE_INFOPLIST_FILE = YES;
				"INFOPLIST_KEY_UIApplicationSceneManifest_Generation[sdk=iphoneos*]" = YES;
				"INFOPLIST_KEY_UIApplicationSceneManifest_Generation[sdk=iphonesimulator*]" = YES;
				"INFOPLIST_KEY_UIApplicationSupportsIndirectInputEvents[sdk=iphoneos*]" = YES;
				"INFOPLIST_KEY_UIApplicationSupportsIndirectInputEvents[sdk=iphonesimulator*]" = YES;
				"INFOPLIST_KEY_UILaunchScreen_Generation[sdk=iphoneos*]" = YES;
				"INFOPLIST_KEY_UILaunchScreen_Generation[sdk=iphonesimulator*]" = YES;
				INFOPLIST_KEY_UILaunchStoryboardName = "Launch Screen";
				"INFOPLIST_KEY_UIStatusBarStyle[sdk=iphoneos*]" = UIStatusBarStyleDefault;
				"INFOPLIST_KEY_UIStatusBarStyle[sdk=iphonesimulator*]" = UIStatusBarStyleDefault;
				INFOPLIST_KEY_UISupportedInterfaceOrientations_iPad = "UIInterfaceOrientationPortrait UIInterfaceOrientationPortraitUpsideDown UIInterfaceOrientationLandscapeLeft UIInterfaceOrientationLandscapeRight";
				INFOPLIST_KEY_UISupportedInterfaceOrientations_iPhone = "UIInterfaceOrientationPortrait UIInterfaceOrientationLandscapeLeft UIInterfaceOrientationLandscapeRight";
				LD_RUNPATH_SEARCH_PATHS = "@executable_path/Frameworks";
				"LD_RUNPATH_SEARCH_PATHS[sdk=macosx*]" = "@executable_path/../Frameworks";
				MACOSX_DEPLOYMENT_TARGET = 15.5;
				MARKETING_VERSION = 1.0;
				PRODUCT_BUNDLE_IDENTIFIER = com.DarkSatyr.MyHodl;
				PRODUCT_NAME = "$(TARGET_NAME)";
				REGISTER_APP_GROUPS = YES;
				SDKROOT = iphoneos;
				SUPPORTED_PLATFORMS = "iphoneos iphonesimulator macosx xros xrsimulator";
				SWIFT_EMIT_LOC_STRINGS = YES;
				TARGETED_DEVICE_FAMILY = "1,2,7";
				XROS_DEPLOYMENT_TARGET = 2.5;
			};
			name = Debug;
		};
		76E119792E4D0E9100AA1AED /* Release */ = {
			isa = XCBuildConfiguration;
			buildSettings = {
				ASSETCATALOG_COMPILER_APPICON_NAME = AppIcon;
				ASSETCATALOG_COMPILER_GLOBAL_ACCENT_COLOR_NAME = AccentColor;
				CODE_SIGN_ENTITLEMENTS = MyHodl/MyHodl.entitlements;
				CODE_SIGN_STYLE = Automatic;
				CURRENT_PROJECT_VERSION = 1;
				DEVELOPMENT_TEAM = 5R87WU4VHL;
				ENABLE_APP_SANDBOX = YES;
				ENABLE_PREVIEWS = YES;
				ENABLE_USER_SCRIPT_SANDBOXING = NO;
				ENABLE_USER_SELECTED_FILES = readonly;
				GENERATE_INFOPLIST_FILE = YES;
				"INFOPLIST_KEY_UIApplicationSceneManifest_Generation[sdk=iphoneos*]" = YES;
				"INFOPLIST_KEY_UIApplicationSceneManifest_Generation[sdk=iphonesimulator*]" = YES;
				"INFOPLIST_KEY_UIApplicationSupportsIndirectInputEvents[sdk=iphoneos*]" = YES;
				"INFOPLIST_KEY_UIApplicationSupportsIndirectInputEvents[sdk=iphonesimulator*]" = YES;
				"INFOPLIST_KEY_UILaunchScreen_Generation[sdk=iphoneos*]" = YES;
				"INFOPLIST_KEY_UILaunchScreen_Generation[sdk=iphonesimulator*]" = YES;
				INFOPLIST_KEY_UILaunchStoryboardName = "Launch Screen";
				"INFOPLIST_KEY_UIStatusBarStyle[sdk=iphoneos*]" = UIStatusBarStyleDefault;
				"INFOPLIST_KEY_UIStatusBarStyle[sdk=iphonesimulator*]" = UIStatusBarStyleDefault;
				INFOPLIST_KEY_UISupportedInterfaceOrientations_iPad = "UIInterfaceOrientationPortrait UIInterfaceOrientationPortraitUpsideDown UIInterfaceOrientationLandscapeLeft UIInterfaceOrientationLandscapeRight";
				INFOPLIST_KEY_UISupportedInterfaceOrientations_iPhone = "UIInterfaceOrientationPortrait UIInterfaceOrientationLandscapeLeft UIInterfaceOrientationLandscapeRight";
				LD_RUNPATH_SEARCH_PATHS = "@executable_path/Frameworks";
				"LD_RUNPATH_SEARCH_PATHS[sdk=macosx*]" = "@executable_path/../Frameworks";
				MACOSX_DEPLOYMENT_TARGET = 15.5;
				MARKETING_VERSION = 1.0;
				PRODUCT_BUNDLE_IDENTIFIER = com.DarkSatyr.MyHodl;
				PRODUCT_NAME = "$(TARGET_NAME)";
				REGISTER_APP_GROUPS = YES;
				SDKROOT = iphoneos;
				SUPPORTED_PLATFORMS = "iphoneos iphonesimulator macosx xros xrsimulator";
				SWIFT_EMIT_LOC_STRINGS = YES;
				TARGETED_DEVICE_FAMILY = "1,2,7";
				XROS_DEPLOYMENT_TARGET = 2.5;
			};
			name = Release;
		};
/* End XCBuildConfiguration section */

/* Begin XCConfigurationList section */
		76E119662E4D0E8F00AA1AED /* Build configuration list for PBXProject "MyHodl" */ = {
			isa = XCConfigurationList;
			buildConfigurations = (
				76E119752E4D0E9100AA1AED /* Debug */,
				76E119762E4D0E9100AA1AED /* Release */,
			);
			defaultConfigurationIsVisible = 0;
			defaultConfigurationName = Release;
		};
		76E119772E4D0E9100AA1AED /* Build configuration list for PBXNativeTarget "MyHodl" */ = {
			isa = XCConfigurationList;
			buildConfigurations = (
				76E119782E4D0E9100AA1AED /* Debug */,
				76E119792E4D0E9100AA1AED /* Release */,
			);
			defaultConfigurationIsVisible = 0;
			defaultConfigurationName = Release;
		};
/* End XCConfigurationList section */

/* Begin XCRemoteSwiftPackageReference section */
		767120962EE063EA00215ED7 /* XCRemoteSwiftPackageReference "Swinject" */ = {
			isa = XCRemoteSwiftPackageReference;
			repositoryURL = "https://github.com/Swinject/Swinject.git";
			requirement = {
				kind = upToNextMajorVersion;
				minimumVersion = 2.10.0;
			};
		};
		7671209E2EE07D8C00215ED7 /* XCRemoteSwiftPackageReference "SwinjectAutoregistration" */ = {
			isa = XCRemoteSwiftPackageReference;
			repositoryURL = "https://github.com/Swinject/SwinjectAutoregistration.git";
			requirement = {
				kind = upToNextMajorVersion;
				minimumVersion = 2.9.1;
			};
		};
/* End XCRemoteSwiftPackageReference section */

/* Begin XCSwiftPackageProductDependency section */
		767120972EE063EA00215ED7 /* Swinject */ = {
			isa = XCSwiftPackageProductDependency;
			package = 767120962EE063EA00215ED7 /* XCRemoteSwiftPackageReference "Swinject" */;
			productName = Swinject;
		};
		7671209F2EE07D8C00215ED7 /* SwinjectAutoregistration */ = {
			isa = XCSwiftPackageProductDependency;
			package = 7671209E2EE07D8C00215ED7 /* XCRemoteSwiftPackageReference "SwinjectAutoregistration" */;
			productName = SwinjectAutoregistration;
		};
/* End XCSwiftPackageProductDependency section */
	};
	rootObject = 76E119632E4D0E8F00AA1AED /* Project object */;
}
